
Microsoft Visual Studio Solution File, Format Version 12.00
# Visual Studio Version 17
VisualStudioVersion = 17.10.35027.167
MinimumVisualStudioVersion = 10.0.40219.1
Project("{9A19103F-16F7-4668-BE54-9A1E7A4F7556}") = "Hattrick.Server", "Hattrick.Server\Hattrick.Server.csproj", "{EED1C0C8-302F-44D9-833B-49D132F6356C}"
EndProject
Project("{54A90642-561A-4BB1-A94E-469ADEE60C69}") = "hattrick.client", "hattrick.client\hattrick.client.esproj", "{9C61B7FB-D3E7-4820-A59B-8E2DDE12D309}"
EndProject
Project("{FAE04EC0-301F-11D3-BF4B-00C04F79EFBC}") = "Hattrick.ServerTests", "Hattrick.ServerTests\Hattrick.ServerTests.csproj", "{27CA4252-0392-477C-B0F1-6B4173177796}"
EndProject
Project("{9A19103F-16F7-4668-BE54-9A1E7A4F7556}") = "Hattrick.ServiceLayer", "Hattrick.ServiceLayer\Hattrick.ServiceLayer.csproj", "{68D914FC-1AC6-40E7-B6EB-58261B045816}"
EndProject
Global
	GlobalSection(SolutionConfigurationPlatforms) = preSolution
		Debug|Any CPU = Debug|Any CPU
		Release|Any CPU = Release|Any CPU
	EndGlobalSection
	GlobalSection(ProjectConfigurationPlatforms) = postSolution
		{EED1C0C8-302F-44D9-833B-49D132F6356C}.Debug|Any CPU.ActiveCfg = Debug|Any CPU
		{EED1C0C8-302F-44D9-833B-49D132F6356C}.Debug|Any CPU.Build.0 = Debug|Any CPU
		{EED1C0C8-302F-44D9-833B-49D132F6356C}.Release|Any CPU.ActiveCfg = Release|Any CPU
		{EED1C0C8-302F-44D9-833B-49D132F6356C}.Release|Any CPU.Build.0 = Release|Any CPU
		{9C61B7FB-D3E7-4820-A59B-8E2DDE12D309}.Debug|Any CPU.ActiveCfg = Debug|Any CPU
		{9C61B7FB-D3E7-4820-A59B-8E2DDE12D309}.Debug|Any CPU.Build.0 = Debug|Any CPU
		{9C61B7FB-D3E7-4820-A59B-8E2DDE12D309}.Debug|Any CPU.Deploy.0 = Debug|Any CPU
		{9C61B7FB-D3E7-4820-A59B-8E2DDE12D309}.Release|Any CPU.ActiveCfg = Release|Any CPU
		{9C61B7FB-D3E7-4820-A59B-8E2DDE12D309}.Release|Any CPU.Build.0 = Release|Any CPU
		{9C61B7FB-D3E7-4820-A59B-8E2DDE12D309}.Release|Any CPU.Deploy.0 = Release|Any CPU
		{27CA4252-0392-477C-B0F1-6B4173177796}.Debug|Any CPU.ActiveCfg = Debug|Any CPU
		{27CA4252-0392-477C-B0F1-6B4173177796}.Debug|Any CPU.Build.0 = Debug|Any CPU
		{27CA4252-0392-477C-B0F1-6B4173177796}.Release|Any CPU.ActiveCfg = Release|Any CPU
		{27CA4252-0392-477C-B0F1-6B4173177796}.Release|Any CPU.Build.0 = Release|Any CPU
		{68D914FC-1AC6-40E7-B6EB-58261B045816}.Debug|Any CPU.ActiveCfg = Debug|Any CPU
		{68D914FC-1AC6-40E7-B6EB-58261B045816}.Debug|Any CPU.Build.0 = Debug|Any CPU
		{68D914FC-1AC6-40E7-B6EB-58261B045816}.Release|Any CPU.ActiveCfg = Release|Any CPU
		{68D914FC-1AC6-40E7-B6EB-58261B045816}.Release|Any CPU.Build.0 = Release|Any CPU
	EndGlobalSection
	GlobalSection(SolutionProperties) = preSolution
		HideSolutionNode = FALSE
	EndGlobalSection
	GlobalSection(ExtensibilityGlobals) = postSolution
		SolutionGuid = {0A4E8BC2-266D-453D-8DF9-573BCCD853F3}
	EndGlobalSection
EndGlobal
